
Microsoft Visual Studio Solution File, Format Version 12.00
# Visual Studio 14
VisualStudioVersion = 14.0.25123.0
MinimumVisualStudioVersion = 10.0.40219.1
Project("{8BC9CEB8-8B4A-11D0-8D11-00A0C91BC942}") = "detours", "Detours.vcxproj", "{D8308815-E5A1-4F1C-B39B-4314467ABCD7}"
EndProject
Project("{2150E333-8FDC-42A3-9474-1A3956D46DE8}") = "samples", "samples", "{00FBE497-DBED-4B45-8F8D-8772A57D0E91}"
EndProject
Project("{8BC9CEB8-8B4A-11D0-8D11-00A0C91BC942}") = "setdll", "samples\setdll\setdll.vcxproj", "{7881E995-B616-49D5-A6DE-76A1084131EC}"
EndProject
Project("{8BC9CEB8-8B4A-11D0-8D11-00A0C91BC942}") = "withdll", "samples\withdll\withdll.vcxproj.vcxproj", "{73143AC0-1C3E-48AD-9F5B-DC10D98673AF}"
EndProject
Project("{8BC9CEB8-8B4A-11D0-8D11-00A0C91BC942}") = "slept", "samples\slept\slept.vcxproj.vcxproj", "{AB4D6D70-B774-4D47-8664-E8C46B2B7C7B}"
EndProject
Project("{8BC9CEB8-8B4A-11D0-8D11-00A0C91BC942}") = "dslept", "samples\slept\dslept.vcxproj.vcxproj", "{35118E56-761F-42F4-A4BC-B5F646BC2B26}"
EndProject
Project("{8BC9CEB8-8B4A-11D0-8D11-00A0C91BC942}") = "sleepold", "samples\slept\sleepold.vcxproj.vcxproj", "{96CA23E1-7EC3-46A9-8906-CF4379F3AC28}"
EndProject
Project("{2150E333-8FDC-42A3-9474-1A3956D46DE8}") = "slept", "slept", "{26F5E6B0-EB86-452E-816C-EC71E704DC23}"
EndProject
Project("{8BC9CEB8-8B4A-11D0-8D11-00A0C91BC942}") = "sleepbed", "samples\slept\sleepbed.vcxproj.vcxproj", "{EAC2BBF2-4625-4E3C-9632-50C2DF453854}"
EndProject
Project("{8BC9CEB8-8B4A-11D0-8D11-00A0C91BC942}") = "traceapi", "samples\traceapi\traceapi.vcxproj.vcxproj", "{EFE43DEF-AA29-4DED-8F77-5D7685A45768}"
EndProject
Project("{2150E333-8FDC-42A3-9474-1A3956D46DE8}") = "traceapi", "traceapi", "{0C318F95-49C4-484F-A261-C4593A68D4BD}"
EndProject
Project("{8BC9CEB8-8B4A-11D0-8D11-00A0C91BC942}") = "testapi", "samples\traceapi\testapi.vcxproj.vcxproj", "{974AA374-477A-4878-992D-1EDB3D5BA365}"
EndProject
Project("{8BC9CEB8-8B4A-11D0-8D11-00A0C91BC942}") = "syelog", "samples\syelog\syelog.vcxproj", "{75DA7E08-CB25-4E36-A931-B2264D7F70F0}"
EndProject
Project("{2150E333-8FDC-42A3-9474-1A3956D46DE8}") = "syelog", "syelog", "{663EAE69-A628-4444-B409-3CD4C06EE15D}"
EndProject
Project("{8BC9CEB8-8B4A-11D0-8D11-00A0C91BC942}") = "syelogd", "samples\syelog\syelogd.vcxproj", "{520B2878-A835-42B4-B4E0-D2E2409E094B}"
EndProject
Global
	GlobalSection(SolutionConfigurationPlatforms) = preSolution
		Debug|x64 = Debug|x64
		Debug|x86 = Debug|x86
		Release|x64 = Release|x64
		Release|x86 = Release|x86
	EndGlobalSection
	GlobalSection(ProjectConfigurationPlatforms) = postSolution
		{D8308815-E5A1-4F1C-B39B-4314467ABCD7}.Debug|x64.ActiveCfg = Debug|x64
		{D8308815-E5A1-4F1C-B39B-4314467ABCD7}.Debug|x64.Build.0 = Debug|x64
		{D8308815-E5A1-4F1C-B39B-4314467ABCD7}.Debug|x86.ActiveCfg = Debug|Win32
		{D8308815-E5A1-4F1C-B39B-4314467ABCD7}.Debug|x86.Build.0 = Debug|Win32
		{D8308815-E5A1-4F1C-B39B-4314467ABCD7}.Release|x64.ActiveCfg = Release|x64
		{D8308815-E5A1-4F1C-B39B-4314467ABCD7}.Release|x64.Build.0 = Release|x64
		{D8308815-E5A1-4F1C-B39B-4314467ABCD7}.Release|x86.ActiveCfg = Release|Win32
		{D8308815-E5A1-4F1C-B39B-4314467ABCD7}.Release|x86.Build.0 = Release|Win32
		{7881E995-B616-49D5-A6DE-76A1084131EC}.Debug|x64.ActiveCfg = Debug|x64
		{7881E995-B616-49D5-A6DE-76A1084131EC}.Debug|x64.Build.0 = Debug|x64
		{7881E995-B616-49D5-A6DE-76A1084131EC}.Debug|x86.ActiveCfg = Debug|Win32
		{7881E995-B616-49D5-A6DE-76A1084131EC}.Debug|x86.Build.0 = Debug|Win32
		{7881E995-B616-49D5-A6DE-76A1084131EC}.Release|x64.ActiveCfg = Release|x64
		{7881E995-B616-49D5-A6DE-76A1084131EC}.Release|x64.Build.0 = Release|x64
		{7881E995-B616-49D5-A6DE-76A1084131EC}.Release|x86.ActiveCfg = Release|Win32
		{7881E995-B616-49D5-A6DE-76A1084131EC}.Release|x86.Build.0 = Release|Win32
		{73143AC0-1C3E-48AD-9F5B-DC10D98673AF}.Debug|x64.ActiveCfg = Debug|x64
		{73143AC0-1C3E-48AD-9F5B-DC10D98673AF}.Debug|x64.Build.0 = Debug|x64
		{73143AC0-1C3E-48AD-9F5B-DC10D98673AF}.Debug|x86.ActiveCfg = Debug|Win32
		{73143AC0-1C3E-48AD-9F5B-DC10D98673AF}.Debug|x86.Build.0 = Debug|Win32
		{73143AC0-1C3E-48AD-9F5B-DC10D98673AF}.Release|x64.ActiveCfg = Release|x64
		{73143AC0-1C3E-48AD-9F5B-DC10D98673AF}.Release|x64.Build.0 = Release|x64
		{73143AC0-1C3E-48AD-9F5B-DC10D98673AF}.Release|x86.ActiveCfg = Release|Win32
		{73143AC0-1C3E-48AD-9F5B-DC10D98673AF}.Release|x86.Build.0 = Release|Win32
		{AB4D6D70-B774-4D47-8664-E8C46B2B7C7B}.Debug|x64.ActiveCfg = Debug|x64
		{AB4D6D70-B774-4D47-8664-E8C46B2B7C7B}.Debug|x64.Build.0 = Debug|x64
		{AB4D6D70-B774-4D47-8664-E8C46B2B7C7B}.Debug|x86.ActiveCfg = Debug|Win32
		{AB4D6D70-B774-4D47-8664-E8C46B2B7C7B}.Debug|x86.Build.0 = Debug|Win32
		{AB4D6D70-B774-4D47-8664-E8C46B2B7C7B}.Release|x64.ActiveCfg = Release|x64
		{AB4D6D70-B774-4D47-8664-E8C46B2B7C7B}.Release|x64.Build.0 = Release|x64
		{AB4D6D70-B774-4D47-8664-E8C46B2B7C7B}.Release|x86.ActiveCfg = Release|Win32
		{AB4D6D70-B774-4D47-8664-E8C46B2B7C7B}.Release|x86.Build.0 = Release|Win32
		{35118E56-761F-42F4-A4BC-B5F646BC2B26}.Debug|x64.ActiveCfg = Debug|x64
		{35118E56-761F-42F4-A4BC-B5F646BC2B26}.Debug|x64.Build.0 = Debug|x64
		{35118E56-761F-42F4-A4BC-B5F646BC2B26}.Debug|x86.ActiveCfg = Debug|Win32
		{35118E56-761F-42F4-A4BC-B5F646BC2B26}.Debug|x86.Build.0 = Debug|Win32
		{35118E56-761F-42F4-A4BC-B5F646BC2B26}.Release|x64.ActiveCfg = Release|x64
		{35118E56-761F-42F4-A4BC-B5F646BC2B26}.Release|x64.Build.0 = Release|x64
		{35118E56-761F-42F4-A4BC-B5F646BC2B26}.Release|x86.ActiveCfg = Release|Win32
		{35118E56-761F-42F4-A4BC-B5F646BC2B26}.Release|x86.Build.0 = Release|Win32
		{96CA23E1-7EC3-46A9-8906-CF4379F3AC28}.Debug|x64.ActiveCfg = Debug|x64
		{96CA23E1-7EC3-46A9-8906-CF4379F3AC28}.Debug|x64.Build.0 = Debug|x64
		{96CA23E1-7EC3-46A9-8906-CF4379F3AC28}.Debug|x86.ActiveCfg = Debug|Win32
		{96CA23E1-7EC3-46A9-8906-CF4379F3AC28}.Debug|x86.Build.0 = Debug|Win32
		{96CA23E1-7EC3-46A9-8906-CF4379F3AC28}.Release|x64.ActiveCfg = Release|x64
		{96CA23E1-7EC3-46A9-8906-CF4379F3AC28}.Release|x64.Build.0 = Release|x64
		{96CA23E1-7EC3-46A9-8906-CF4379F3AC28}.Release|x86.ActiveCfg = Release|Win32
		{96CA23E1-7EC3-46A9-8906-CF4379F3AC28}.Release|x86.Build.0 = Release|Win32
		{EAC2BBF2-4625-4E3C-9632-50C2DF453854}.Debug|x64.ActiveCfg = Debug|x64
		{EAC2BBF2-4625-4E3C-9632-50C2DF453854}.Debug|x64.Build.0 = Debug|x64
		{EAC2BBF2-4625-4E3C-9632-50C2DF453854}.Debug|x86.ActiveCfg = Debug|Win32
		{EAC2BBF2-4625-4E3C-9632-50C2DF453854}.Debug|x86.Build.0 = Debug|Win32
		{EAC2BBF2-4625-4E3C-9632-50C2DF453854}.Release|x64.ActiveCfg = Release|x64
		{EAC2BBF2-4625-4E3C-9632-50C2DF453854}.Release|x64.Build.0 = Release|x64
		{EAC2BBF2-4625-4E3C-9632-50C2DF453854}.Release|x86.ActiveCfg = Release|Win32
		{EAC2BBF2-4625-4E3C-9632-50C2DF453854}.Release|x86.Build.0 = Release|Win32
		{EFE43DEF-AA29-4DED-8F77-5D7685A45768}.Debug|x64.ActiveCfg = Debug|x64
		{EFE43DEF-AA29-4DED-8F77-5D7685A45768}.Debug|x64.Build.0 = Debug|x64
		{EFE43DEF-AA29-4DED-8F77-5D7685A45768}.Debug|x86.ActiveCfg = Debug|Win32
		{EFE43DEF-AA29-4DED-8F77-5D7685A45768}.Debug|x86.Build.0 = Debug|Win32
		{EFE43DEF-AA29-4DED-8F77-5D7685A45768}.Release|x64.ActiveCfg = Release|x64
		{EFE43DEF-AA29-4DED-8F77-5D7685A45768}.Release|x64.Build.0 = Release|x64
		{EFE43DEF-AA29-4DED-8F77-5D7685A45768}.Release|x86.ActiveCfg = Release|Win32
		{EFE43DEF-AA29-4DED-8F77-5D7685A45768}.Release|x86.Build.0 = Release|Win32
		{974AA374-477A-4878-992D-1EDB3D5BA365}.Debug|x64.ActiveCfg = Debug|x64
		{974AA374-477A-4878-992D-1EDB3D5BA365}.Debug|x64.Build.0 = Debug|x64
		{974AA374-477A-4878-992D-1EDB3D5BA365}.Debug|x86.ActiveCfg = Debug|Win32
		{974AA374-477A-4878-992D-1EDB3D5BA365}.Debug|x86.Build.0 = Debug|Win32
		{974AA374-477A-4878-992D-1EDB3D5BA365}.Release|x64.ActiveCfg = Release|x64
		{974AA374-477A-4878-992D-1EDB3D5BA365}.Release|x64.Build.0 = Release|x64
		{974AA374-477A-4878-992D-1EDB3D5BA365}.Release|x86.ActiveCfg = Release|Win32
		{974AA374-477A-4878-992D-1EDB3D5BA365}.Release|x86.Build.0 = Release|Win32
		{75DA7E08-CB25-4E36-A931-B2264D7F70F0}.Debug|x64.ActiveCfg = Debug|x64
		{75DA7E08-CB25-4E36-A931-B2264D7F70F0}.Debug|x64.Build.0 = Debug|x64
		{75DA7E08-CB25-4E36-A931-B2264D7F70F0}.Debug|x86.ActiveCfg = Debug|Win32
		{75DA7E08-CB25-4E36-A931-B2264D7F70F0}.Debug|x86.Build.0 = Debug|Win32
		{75DA7E08-CB25-4E36-A931-B2264D7F70F0}.Release|x64.ActiveCfg = Release|x64
		{75DA7E08-CB25-4E36-A931-B2264D7F70F0}.Release|x64.Build.0 = Release|x64
		{75DA7E08-CB25-4E36-A931-B2264D7F70F0}.Release|x86.ActiveCfg = Release|Win32
		{75DA7E08-CB25-4E36-A931-B2264D7F70F0}.Release|x86.Build.0 = Release|Win32
		{520B2878-A835-42B4-B4E0-D2E2409E094B}.Debug|x64.ActiveCfg = Debug|x64
		{520B2878-A835-42B4-B4E0-D2E2409E094B}.Debug|x64.Build.0 = Debug|x64
		{520B2878-A835-42B4-B4E0-D2E2409E094B}.Debug|x86.ActiveCfg = Debug|Win32
		{520B2878-A835-42B4-B4E0-D2E2409E094B}.Debug|x86.Build.0 = Debug|Win32
		{520B2878-A835-42B4-B4E0-D2E2409E094B}.Release|x64.ActiveCfg = Release|x64
		{520B2878-A835-42B4-B4E0-D2E2409E094B}.Release|x64.Build.0 = Release|x64
		{520B2878-A835-42B4-B4E0-D2E2409E094B}.Release|x86.ActiveCfg = Release|Win32
		{520B2878-A835-42B4-B4E0-D2E2409E094B}.Release|x86.Build.0 = Release|Win32
	EndGlobalSection
	GlobalSection(SolutionProperties) = preSolution
		HideSolutionNode = FALSE
	EndGlobalSection
	GlobalSection(NestedProjects) = preSolution
		{7881E995-B616-49D5-A6DE-76A1084131EC} = {00FBE497-DBED-4B45-8F8D-8772A57D0E91}
		{73143AC0-1C3E-48AD-9F5B-DC10D98673AF} = {00FBE497-DBED-4B45-8F8D-8772A57D0E91}
		{AB4D6D70-B774-4D47-8664-E8C46B2B7C7B} = {26F5E6B0-EB86-452E-816C-EC71E704DC23}
		{35118E56-761F-42F4-A4BC-B5F646BC2B26} = {26F5E6B0-EB86-452E-816C-EC71E704DC23}
		{96CA23E1-7EC3-46A9-8906-CF4379F3AC28} = {26F5E6B0-EB86-452E-816C-EC71E704DC23}
		{26F5E6B0-EB86-452E-816C-EC71E704DC23} = {00FBE497-DBED-4B45-8F8D-8772A57D0E91}
		{EAC2BBF2-4625-4E3C-9632-50C2DF453854} = {26F5E6B0-EB86-452E-816C-EC71E704DC23}
		{EFE43DEF-AA29-4DED-8F77-5D7685A45768} = {0C318F95-49C4-484F-A261-C4593A68D4BD}
		{0C318F95-49C4-484F-A261-C4593A68D4BD} = {00FBE497-DBED-4B45-8F8D-8772A57D0E91}
		{974AA374-477A-4878-992D-1EDB3D5BA365} = {0C318F95-49C4-484F-A261-C4593A68D4BD}
		{75DA7E08-CB25-4E36-A931-B2264D7F70F0} = {663EAE69-A628-4444-B409-3CD4C06EE15D}
		{663EAE69-A628-4444-B409-3CD4C06EE15D} = {00FBE497-DBED-4B45-8F8D-8772A57D0E91}
		{520B2878-A835-42B4-B4E0-D2E2409E094B} = {663EAE69-A628-4444-B409-3CD4C06EE15D}
	EndGlobalSection
EndGlobal
